
Microsoft Visual Studio Solution File, Format Version 12.00
# Visual Studio Version 16
VisualStudioVersion = 16.0.32126.315
MinimumVisualStudioVersion = 10.0.40219.1
Project("{FAE04EC0-301F-11D3-BF4B-00C04F79EFBC}") = "CouponService", "CouponService\CouponService.csproj", "{4E4B57D9-D98D-41CE-A4EB-A08FFF1FCF48}"
EndProject
Global
	GlobalSection(SolutionConfigurationPlatforms) = preSolution
		Debug|Any CPU = Debug|Any CPU
		Release|Any CPU = Release|Any CPU
	EndGlobalSection
	GlobalSection(ProjectConfigurationPlatforms) = postSolution
		{4E4B57D9-D98D-41CE-A4EB-A08FFF1FCF48}.Debug|Any CPU.ActiveCfg = Debug|Any CPU
		{4E4B57D9-D98D-41CE-A4EB-A08FFF1FCF48}.Debug|Any CPU.Build.0 = Debug|Any CPU
		{4E4B57D9-D98D-41CE-A4EB-A08FFF1FCF48}.Release|Any CPU.ActiveCfg = Release|Any CPU
		{4E4B57D9-D98D-41CE-A4EB-A08FFF1FCF48}.Release|Any CPU.Build.0 = Release|Any CPU
	EndGlobalSection
	GlobalSection(SolutionProperties) = preSolution
		HideSolutionNode = FALSE
	EndGlobalSection
	GlobalSection(ExtensibilityGlobals) = postSolution
		SolutionGuid = {615ECAAB-2BC4-436A-AA29-2858E4105EFE}
	EndGlobalSection
EndGlobal
